
Microsoft Visual Studio Solution File, Format Version 12.00
# Visual Studio 14
VisualStudioVersion = 14.0.25420.1
MinimumVisualStudioVersion = 10.0.40219.1
Project("{FAE04EC0-301F-11D3-BF4B-00C04F79EFBC}") = "ImageEditor", "imageeditor\ImageEditor.csproj", "{54A898F2-08DB-465C-9C02-CCACF8D6DFF8}"
EndProject
Project("{FAE04EC0-301F-11D3-BF4B-00C04F79EFBC}") = "SunfrogUploader", "SunfrogUploader\SunfrogUploader.csproj", "{6BF6DE97-4FA6-4FF8-9244-3CD92247057F}"
EndProject
Project("{FAE04EC0-301F-11D3-BF4B-00C04F79EFBC}") = "AutoArtist", "AutoArtist\AutoArtist.csproj", "{32B7C727-27FC-429E-AAA1-5A99DEA4C559}"
EndProject
Project("{FAE04EC0-301F-11D3-BF4B-00C04F79EFBC}") = "TeespringUploader", "TeespringUploader\TeespringUploader.csproj", "{56B847C6-6719-4038-A72C-7764FEFE656E}"
EndProject
Project("{FAE04EC0-301F-11D3-BF4B-00C04F79EFBC}") = "TeespringWebUploader", "TeespringWebUploader\TeespringWebUploader.csproj", "{4F44AF37-F90C-4A69-AA06-DF29C3AC9E53}"
EndProject
Project("{FAE04EC0-301F-11D3-BF4B-00C04F79EFBC}") = "CafepressUploader", "CafepressUploader\CafepressUploader.csproj", "{69B17E6C-2A7C-4AB3-905E-F714F93FE976}"
EndProject
Project("{FAE04EC0-301F-11D3-BF4B-00C04F79EFBC}") = "ViralStyleUploader", "ViralStyleUploader\ViralStyleUploader.csproj", "{70981522-FF7C-44C0-BE9C-59254DDA68A6}"
EndProject
Project("{FAE04EC0-301F-11D3-BF4B-00C04F79EFBC}") = "AutoUpload", "AutoUpload\AutoUpload.csproj", "{D6BFD3EE-186F-4192-9A9D-59BE80DA2C11}"
EndProject
Project("{FAE04EC0-301F-11D3-BF4B-00C04F79EFBC}") = "RaviLib", "RaviLib\RaviLib.csproj", "{5408935C-B7D5-42A9-9D4C-FFFEFA890911}"
EndProject
Global
	GlobalSection(SolutionConfigurationPlatforms) = preSolution
		Debug|Any CPU = Debug|Any CPU
		Debug|x64 = Debug|x64
		Debug|x86 = Debug|x86
		Release|Any CPU = Release|Any CPU
		Release|x64 = Release|x64
		Release|x86 = Release|x86
	EndGlobalSection
	GlobalSection(ProjectConfigurationPlatforms) = postSolution
		{54A898F2-08DB-465C-9C02-CCACF8D6DFF8}.Debug|Any CPU.ActiveCfg = Debug|Any CPU
		{54A898F2-08DB-465C-9C02-CCACF8D6DFF8}.Debug|Any CPU.Build.0 = Debug|Any CPU
		{54A898F2-08DB-465C-9C02-CCACF8D6DFF8}.Debug|x64.ActiveCfg = Debug|x64
		{54A898F2-08DB-465C-9C02-CCACF8D6DFF8}.Debug|x86.ActiveCfg = Debug|x86
		{54A898F2-08DB-465C-9C02-CCACF8D6DFF8}.Debug|x86.Build.0 = Debug|x86
		{54A898F2-08DB-465C-9C02-CCACF8D6DFF8}.Release|Any CPU.ActiveCfg = Release|Any CPU
		{54A898F2-08DB-465C-9C02-CCACF8D6DFF8}.Release|Any CPU.Build.0 = Release|Any CPU
		{54A898F2-08DB-465C-9C02-CCACF8D6DFF8}.Release|x64.ActiveCfg = Release|x64
		{54A898F2-08DB-465C-9C02-CCACF8D6DFF8}.Release|x86.ActiveCfg = Release|x86
		{6BF6DE97-4FA6-4FF8-9244-3CD92247057F}.Debug|Any CPU.ActiveCfg = Debug|Any CPU
		{6BF6DE97-4FA6-4FF8-9244-3CD92247057F}.Debug|Any CPU.Build.0 = Debug|Any CPU
		{6BF6DE97-4FA6-4FF8-9244-3CD92247057F}.Debug|x64.ActiveCfg = Debug|Any CPU
		{6BF6DE97-4FA6-4FF8-9244-3CD92247057F}.Debug|x64.Build.0 = Debug|Any CPU
		{6BF6DE97-4FA6-4FF8-9244-3CD92247057F}.Debug|x86.ActiveCfg = Debug|Any CPU
		{6BF6DE97-4FA6-4FF8-9244-3CD92247057F}.Debug|x86.Build.0 = Debug|Any CPU
		{6BF6DE97-4FA6-4FF8-9244-3CD92247057F}.Release|Any CPU.ActiveCfg = Release|Any CPU
		{6BF6DE97-4FA6-4FF8-9244-3CD92247057F}.Release|Any CPU.Build.0 = Release|Any CPU
		{6BF6DE97-4FA6-4FF8-9244-3CD92247057F}.Release|x64.ActiveCfg = Release|Any CPU
		{6BF6DE97-4FA6-4FF8-9244-3CD92247057F}.Release|x64.Build.0 = Release|Any CPU
		{6BF6DE97-4FA6-4FF8-9244-3CD92247057F}.Release|x86.ActiveCfg = Release|Any CPU
		{6BF6DE97-4FA6-4FF8-9244-3CD92247057F}.Release|x86.Build.0 = Release|Any CPU
		{32B7C727-27FC-429E-AAA1-5A99DEA4C559}.Debug|Any CPU.ActiveCfg = Debug|Any CPU
		{32B7C727-27FC-429E-AAA1-5A99DEA4C559}.Debug|Any CPU.Build.0 = Debug|Any CPU
		{32B7C727-27FC-429E-AAA1-5A99DEA4C559}.Debug|x64.ActiveCfg = Debug|Any CPU
		{32B7C727-27FC-429E-AAA1-5A99DEA4C559}.Debug|x64.Build.0 = Debug|Any CPU
		{32B7C727-27FC-429E-AAA1-5A99DEA4C559}.Debug|x86.ActiveCfg = Debug|Any CPU
		{32B7C727-27FC-429E-AAA1-5A99DEA4C559}.Debug|x86.Build.0 = Debug|Any CPU
		{32B7C727-27FC-429E-AAA1-5A99DEA4C559}.Release|Any CPU.ActiveCfg = Release|Any CPU
		{32B7C727-27FC-429E-AAA1-5A99DEA4C559}.Release|Any CPU.Build.0 = Release|Any CPU
		{32B7C727-27FC-429E-AAA1-5A99DEA4C559}.Release|x64.ActiveCfg = Release|Any CPU
		{32B7C727-27FC-429E-AAA1-5A99DEA4C559}.Release|x64.Build.0 = Release|Any CPU
		{32B7C727-27FC-429E-AAA1-5A99DEA4C559}.Release|x86.ActiveCfg = Release|Any CPU
		{32B7C727-27FC-429E-AAA1-5A99DEA4C559}.Release|x86.Build.0 = Release|Any CPU
		{56B847C6-6719-4038-A72C-7764FEFE656E}.Debug|Any CPU.ActiveCfg = Debug|Any CPU
		{56B847C6-6719-4038-A72C-7764FEFE656E}.Debug|Any CPU.Build.0 = Debug|Any CPU
		{56B847C6-6719-4038-A72C-7764FEFE656E}.Debug|x64.ActiveCfg = Debug|Any CPU
		{56B847C6-6719-4038-A72C-7764FEFE656E}.Debug|x64.Build.0 = Debug|Any CPU
		{56B847C6-6719-4038-A72C-7764FEFE656E}.Debug|x86.ActiveCfg = Debug|Any CPU
		{56B847C6-6719-4038-A72C-7764FEFE656E}.Debug|x86.Build.0 = Debug|Any CPU
		{56B847C6-6719-4038-A72C-7764FEFE656E}.Release|Any CPU.ActiveCfg = Release|Any CPU
		{56B847C6-6719-4038-A72C-7764FEFE656E}.Release|Any CPU.Build.0 = Release|Any CPU
		{56B847C6-6719-4038-A72C-7764FEFE656E}.Release|x64.ActiveCfg = Release|Any CPU
		{56B847C6-6719-4038-A72C-7764FEFE656E}.Release|x64.Build.0 = Release|Any CPU
		{56B847C6-6719-4038-A72C-7764FEFE656E}.Release|x86.ActiveCfg = Release|Any CPU
		{56B847C6-6719-4038-A72C-7764FEFE656E}.Release|x86.Build.0 = Release|Any CPU
		{4F44AF37-F90C-4A69-AA06-DF29C3AC9E53}.Debug|Any CPU.ActiveCfg = Debug|Any CPU
		{4F44AF37-F90C-4A69-AA06-DF29C3AC9E53}.Debug|Any CPU.Build.0 = Debug|Any CPU
		{4F44AF37-F90C-4A69-AA06-DF29C3AC9E53}.Debug|x64.ActiveCfg = Debug|Any CPU
		{4F44AF37-F90C-4A69-AA06-DF29C3AC9E53}.Debug|x64.Build.0 = Debug|Any CPU
		{4F44AF37-F90C-4A69-AA06-DF29C3AC9E53}.Debug|x86.ActiveCfg = Debug|Any CPU
		{4F44AF37-F90C-4A69-AA06-DF29C3AC9E53}.Debug|x86.Build.0 = Debug|Any CPU
		{4F44AF37-F90C-4A69-AA06-DF29C3AC9E53}.Release|Any CPU.ActiveCfg = Release|Any CPU
		{4F44AF37-F90C-4A69-AA06-DF29C3AC9E53}.Release|Any CPU.Build.0 = Release|Any CPU
		{4F44AF37-F90C-4A69-AA06-DF29C3AC9E53}.Release|x64.ActiveCfg = Release|Any CPU
		{4F44AF37-F90C-4A69-AA06-DF29C3AC9E53}.Release|x64.Build.0 = Release|Any CPU
		{4F44AF37-F90C-4A69-AA06-DF29C3AC9E53}.Release|x86.ActiveCfg = Release|Any CPU
		{4F44AF37-F90C-4A69-AA06-DF29C3AC9E53}.Release|x86.Build.0 = Release|Any CPU
		{69B17E6C-2A7C-4AB3-905E-F714F93FE976}.Debug|Any CPU.ActiveCfg = Debug|Any CPU
		{69B17E6C-2A7C-4AB3-905E-F714F93FE976}.Debug|Any CPU.Build.0 = Debug|Any CPU
		{69B17E6C-2A7C-4AB3-905E-F714F93FE976}.Debug|x64.ActiveCfg = Debug|Any CPU
		{69B17E6C-2A7C-4AB3-905E-F714F93FE976}.Debug|x64.Build.0 = Debug|Any CPU
		{69B17E6C-2A7C-4AB3-905E-F714F93FE976}.Debug|x86.ActiveCfg = Debug|Any CPU
		{69B17E6C-2A7C-4AB3-905E-F714F93FE976}.Debug|x86.Build.0 = Debug|Any CPU
		{69B17E6C-2A7C-4AB3-905E-F714F93FE976}.Release|Any CPU.ActiveCfg = Release|Any CPU
		{69B17E6C-2A7C-4AB3-905E-F714F93FE976}.Release|Any CPU.Build.0 = Release|Any CPU
		{69B17E6C-2A7C-4AB3-905E-F714F93FE976}.Release|x64.ActiveCfg = Release|Any CPU
		{69B17E6C-2A7C-4AB3-905E-F714F93FE976}.Release|x64.Build.0 = Release|Any CPU
		{69B17E6C-2A7C-4AB3-905E-F714F93FE976}.Release|x86.ActiveCfg = Release|Any CPU
		{69B17E6C-2A7C-4AB3-905E-F714F93FE976}.Release|x86.Build.0 = Release|Any CPU
		{70981522-FF7C-44C0-BE9C-59254DDA68A6}.Debug|Any CPU.ActiveCfg = Debug|Any CPU
		{70981522-FF7C-44C0-BE9C-59254DDA68A6}.Debug|Any CPU.Build.0 = Debug|Any CPU
		{70981522-FF7C-44C0-BE9C-59254DDA68A6}.Debug|x64.ActiveCfg = Debug|Any CPU
		{70981522-FF7C-44C0-BE9C-59254DDA68A6}.Debug|x64.Build.0 = Debug|Any CPU
		{70981522-FF7C-44C0-BE9C-59254DDA68A6}.Debug|x86.ActiveCfg = Debug|Any CPU
		{70981522-FF7C-44C0-BE9C-59254DDA68A6}.Debug|x86.Build.0 = Debug|Any CPU
		{70981522-FF7C-44C0-BE9C-59254DDA68A6}.Release|Any CPU.ActiveCfg = Release|Any CPU
		{70981522-FF7C-44C0-BE9C-59254DDA68A6}.Release|Any CPU.Build.0 = Release|Any CPU
		{70981522-FF7C-44C0-BE9C-59254DDA68A6}.Release|x64.ActiveCfg = Release|Any CPU
		{70981522-FF7C-44C0-BE9C-59254DDA68A6}.Release|x64.Build.0 = Release|Any CPU
		{70981522-FF7C-44C0-BE9C-59254DDA68A6}.Release|x86.ActiveCfg = Release|Any CPU
		{70981522-FF7C-44C0-BE9C-59254DDA68A6}.Release|x86.Build.0 = Release|Any CPU
		{D6BFD3EE-186F-4192-9A9D-59BE80DA2C11}.Debug|Any CPU.ActiveCfg = Debug|Any CPU
		{D6BFD3EE-186F-4192-9A9D-59BE80DA2C11}.Debug|Any CPU.Build.0 = Debug|Any CPU
		{D6BFD3EE-186F-4192-9A9D-59BE80DA2C11}.Debug|x64.ActiveCfg = Debug|Any CPU
		{D6BFD3EE-186F-4192-9A9D-59BE80DA2C11}.Debug|x64.Build.0 = Debug|Any CPU
		{D6BFD3EE-186F-4192-9A9D-59BE80DA2C11}.Debug|x86.ActiveCfg = Debug|Any CPU
		{D6BFD3EE-186F-4192-9A9D-59BE80DA2C11}.Debug|x86.Build.0 = Debug|Any CPU
		{D6BFD3EE-186F-4192-9A9D-59BE80DA2C11}.Release|Any CPU.ActiveCfg = Release|Any CPU
		{D6BFD3EE-186F-4192-9A9D-59BE80DA2C11}.Release|Any CPU.Build.0 = Release|Any CPU
		{D6BFD3EE-186F-4192-9A9D-59BE80DA2C11}.Release|x64.ActiveCfg = Release|Any CPU
		{D6BFD3EE-186F-4192-9A9D-59BE80DA2C11}.Release|x64.Build.0 = Release|Any CPU
		{D6BFD3EE-186F-4192-9A9D-59BE80DA2C11}.Release|x86.ActiveCfg = Release|Any CPU
		{D6BFD3EE-186F-4192-9A9D-59BE80DA2C11}.Release|x86.Build.0 = Release|Any CPU
		{5408935C-B7D5-42A9-9D4C-FFFEFA890911}.Debug|Any CPU.ActiveCfg = Debug|Any CPU
		{5408935C-B7D5-42A9-9D4C-FFFEFA890911}.Debug|Any CPU.Build.0 = Debug|Any CPU
		{5408935C-B7D5-42A9-9D4C-FFFEFA890911}.Debug|x64.ActiveCfg = Debug|Any CPU
		{5408935C-B7D5-42A9-9D4C-FFFEFA890911}.Debug|x64.Build.0 = Debug|Any CPU
		{5408935C-B7D5-42A9-9D4C-FFFEFA890911}.Debug|x86.ActiveCfg = Debug|Any CPU
		{5408935C-B7D5-42A9-9D4C-FFFEFA890911}.Debug|x86.Build.0 = Debug|Any CPU
		{5408935C-B7D5-42A9-9D4C-FFFEFA890911}.Release|Any CPU.ActiveCfg = Release|Any CPU
		{5408935C-B7D5-42A9-9D4C-FFFEFA890911}.Release|Any CPU.Build.0 = Release|Any CPU
		{5408935C-B7D5-42A9-9D4C-FFFEFA890911}.Release|x64.ActiveCfg = Release|Any CPU
		{5408935C-B7D5-42A9-9D4C-FFFEFA890911}.Release|x64.Build.0 = Release|Any CPU
		{5408935C-B7D5-42A9-9D4C-FFFEFA890911}.Release|x86.ActiveCfg = Release|Any CPU
		{5408935C-B7D5-42A9-9D4C-FFFEFA890911}.Release|x86.Build.0 = Release|Any CPU
	EndGlobalSection
	GlobalSection(SolutionProperties) = preSolution
		HideSolutionNode = FALSE
	EndGlobalSection
EndGlobal
